
Microsoft Visual Studio Solution File, Format Version 12.00
# Visual Studio Version 17
VisualStudioVersion = 17.14.37111.16 d17.14
MinimumVisualStudioVersion = 10.0.40219.1
Project("{FAE04EC0-301F-11D3-BF4B-00C04F79EFBC}") = "FlyAllShips", "FlyAllShips\FlyAllShips.csproj", "{F7E1F2F6-171B-47A7-BA2C-DA9A77B3187D}"
EndProject
Global
	GlobalSection(SolutionConfigurationPlatforms) = preSolution
		Debug|Any CPU = Debug|Any CPU
		Release|Any CPU = Release|Any CPU
	EndGlobalSection
	GlobalSection(ProjectConfigurationPlatforms) = postSolution
		{F7E1F2F6-171B-47A7-BA2C-DA9A77B3187D}.Debug|Any CPU.ActiveCfg = Debug|Any CPU
		{F7E1F2F6-171B-47A7-BA2C-DA9A77B3187D}.Debug|Any CPU.Build.0 = Debug|Any CPU
		{F7E1F2F6-171B-47A7-BA2C-DA9A77B3187D}.Release|Any CPU.ActiveCfg = Release|Any CPU
		{F7E1F2F6-171B-47A7-BA2C-DA9A77B3187D}.Release|Any CPU.Build.0 = Release|Any CPU
	EndGlobalSection
	GlobalSection(SolutionProperties) = preSolution
		HideSolutionNode = FALSE
	EndGlobalSection
	GlobalSection(ExtensibilityGlobals) = postSolution
		SolutionGuid = {95F90858-4905-4972-82AC-F7EE6EA7558A}
	EndGlobalSection
EndGlobal
